// !$*UTF8*$!
{
	archiveVersion = 1;
	classes = {
	};
	objectVersion = 46;
	objects = {

/* Begin PBXBuildFile section */
		CE7642B21E5D922900B0E47F /* AppDelegate.swift in Sources */ = {isa = PBXBuildFile; fileRef = CE7642B11E5D922900B0E47F /* AppDelegate.swift */; };
		CE7642B71E5D922900B0E47F /* Main.storyboard in Resources */ = {isa = PBXBuildFile; fileRef = CE7642B51E5D922900B0E47F /* Main.storyboard */; };
		CE7642B91E5D922A00B0E47F /* Assets.xcassets in Resources */ = {isa = PBXBuildFile; fileRef = CE7642B81E5D922A00B0E47F /* Assets.xcassets */; };
		CE7642BC1E5D922A00B0E47F /* LaunchScreen.storyboard in Resources */ = {isa = PBXBuildFile; fileRef = CE7642BA1E5D922A00B0E47F /* LaunchScreen.storyboard */; };
		CE9119CD1E5DAF8E00674520 /* LoginViewController.swift in Sources */ = {isa = PBXBuildFile; fileRef = CE9119CC1E5DAF8E00674520 /* LoginViewController.swift */; };
		CE9119D11E5DAFDB00674520 /* MenuViewController.swift in Sources */ = {isa = PBXBuildFile; fileRef = CE9119D01E5DAFDB00674520 /* MenuViewController.swift */; };
		CE9119D31E5DAFF900674520 /* NewsViewController.swift in Sources */ = {isa = PBXBuildFile; fileRef = CE9119D21E5DAFF900674520 /* NewsViewController.swift */; };
		CE9119D51E5DB01A00674520 /* Dish.swift in Sources */ = {isa = PBXBuildFile; fileRef = CE9119D41E5DB01A00674520 /* Dish.swift */; };
		CE9119D91E5DB07500674520 /* SettingsFirebase.swift in Sources */ = {isa = PBXBuildFile; fileRef = CE9119D81E5DB07500674520 /* SettingsFirebase.swift */; };
		CE9119DB1E5DB17A00674520 /* MainViewController.swift in Sources */ = {isa = PBXBuildFile; fileRef = CE9119DA1E5DB17A00674520 /* MainViewController.swift */; };
		CEA6BB491E5DBDB900057BA4 /* GoogleService-Info.plist in Resources */ = {isa = PBXBuildFile; fileRef = CEA6BB481E5DBDB900057BA4 /* GoogleService-Info.plist */; };
		CEA6BB4B1E5DCDE900057BA4 /* SettingsModel.swift in Sources */ = {isa = PBXBuildFile; fileRef = CEA6BB4A1E5DCDE900057BA4 /* SettingsModel.swift */; };
		CEA6BB4F1E5DCE6300057BA4 /* SettingsViewController.swift in Sources */ = {isa = PBXBuildFile; fileRef = CEA6BB4E1E5DCE6300057BA4 /* SettingsViewController.swift */; };
		CEB527D11E6062CA00A1586C /* MenuGroupsModel.swift in Sources */ = {isa = PBXBuildFile; fileRef = CEB527D01E6062CA00A1586C /* MenuGroupsModel.swift */; };
		E9BF009F90AAD1D0AD445997 /* Pods_pizza2017.framework in Frameworks */ = {isa = PBXBuildFile; fileRef = EE8D66C04B938A5465B64A21 /* Pods_pizza2017.framework */; };
/* End PBXBuildFile section */

/* Begin PBXFileReference section */
		07B207E6F130EEFB57ECF029 /* Pods-pizza2017.release.xcconfig */ = {isa = PBXFileReference; includeInIndex = 1; lastKnownFileType = text.xcconfig; name = "Pods-pizza2017.release.xcconfig"; path = "Pods/Target Support Files/Pods-pizza2017/Pods-pizza2017.release.xcconfig"; sourceTree = "<group>"; };
		BA3E4A9F46A0299C9956BC75 /* Pods-pizza2017.debug.xcconfig */ = {isa = PBXFileReference; includeInIndex = 1; lastKnownFileType = text.xcconfig; name = "Pods-pizza2017.debug.xcconfig"; path = "Pods/Target Support Files/Pods-pizza2017/Pods-pizza2017.debug.xcconfig"; sourceTree = "<group>"; };
		CE7642AE1E5D922900B0E47F /* pizza2017.app */ = {isa = PBXFileReference; explicitFileType = wrapper.application; includeInIndex = 0; path = pizza2017.app; sourceTree = BUILT_PRODUCTS_DIR; };
		CE7642B11E5D922900B0E47F /* AppDelegate.swift */ = {isa = PBXFileReference; lastKnownFileType = sourcecode.swift; path = AppDelegate.swift; sourceTree = "<group>"; };
		CE7642B61E5D922900B0E47F /* Base */ = {isa = PBXFileReference; lastKnownFileType = file.storyboard; name = Base; path = Base.lproj/Main.storyboard; sourceTree = "<group>"; };
		CE7642B81E5D922A00B0E47F /* Assets.xcassets */ = {isa = PBXFileReference; lastKnownFileType = folder.assetcatalog; path = Assets.xcassets; sourceTree = "<group>"; };
		CE7642BB1E5D922A00B0E47F /* Base */ = {isa = PBXFileReference; lastKnownFileType = file.storyboard; name = Base; path = Base.lproj/LaunchScreen.storyboard; sourceTree = "<group>"; };
		CE7642BD1E5D922A00B0E47F /* Info.plist */ = {isa = PBXFileReference; lastKnownFileType = text.plist.xml; path = Info.plist; sourceTree = "<group>"; };
		CE9119CC1E5DAF8E00674520 /* LoginViewController.swift */ = {isa = PBXFileReference; fileEncoding = 4; lastKnownFileType = sourcecode.swift; path = LoginViewController.swift; sourceTree = "<group>"; };
		CE9119D01E5DAFDB00674520 /* MenuViewController.swift */ = {isa = PBXFileReference; fileEncoding = 4; lastKnownFileType = sourcecode.swift; path = MenuViewController.swift; sourceTree = "<group>"; };
		CE9119D21E5DAFF900674520 /* NewsViewController.swift */ = {isa = PBXFileReference; fileEncoding = 4; lastKnownFileType = sourcecode.swift; path = NewsViewController.swift; sourceTree = "<group>"; };
		CE9119D41E5DB01A00674520 /* Dish.swift */ = {isa = PBXFileReference; fileEncoding = 4; lastKnownFileType = sourcecode.swift; path = Dish.swift; sourceTree = "<group>"; };
		CE9119D81E5DB07500674520 /* SettingsFirebase.swift */ = {isa = PBXFileReference; fileEncoding = 4; lastKnownFileType = sourcecode.swift; path = SettingsFirebase.swift; sourceTree = "<group>"; };
		CE9119DA1E5DB17A00674520 /* MainViewController.swift */ = {isa = PBXFileReference; fileEncoding = 4; lastKnownFileType = sourcecode.swift; path = MainViewController.swift; sourceTree = "<group>"; };
		CEA6BB481E5DBDB900057BA4 /* GoogleService-Info.plist */ = {isa = PBXFileReference; fileEncoding = 4; lastKnownFileType = text.plist.xml; path = "GoogleService-Info.plist"; sourceTree = "<group>"; };
		CEA6BB4A1E5DCDE900057BA4 /* SettingsModel.swift */ = {isa = PBXFileReference; fileEncoding = 4; lastKnownFileType = sourcecode.swift; path = SettingsModel.swift; sourceTree = "<group>"; };
		CEA6BB4E1E5DCE6300057BA4 /* SettingsViewController.swift */ = {isa = PBXFileReference; fileEncoding = 4; lastKnownFileType = sourcecode.swift; path = SettingsViewController.swift; sourceTree = "<group>"; };
		CEB527D01E6062CA00A1586C /* MenuGroupsModel.swift */ = {isa = PBXFileReference; fileEncoding = 4; lastKnownFileType = sourcecode.swift; path = MenuGroupsModel.swift; sourceTree = "<group>"; };
		EE8D66C04B938A5465B64A21 /* Pods_pizza2017.framework */ = {isa = PBXFileReference; explicitFileType = wrapper.framework; includeInIndex = 0; path = Pods_pizza2017.framework; sourceTree = BUILT_PRODUCTS_DIR; };
/* End PBXFileReference section */

/* Begin PBXFrameworksBuildPhase section */
		CE7642AB1E5D922900B0E47F /* Frameworks */ = {
			isa = PBXFrameworksBuildPhase;
			buildActionMask = 2147483647;
			files = (
				E9BF009F90AAD1D0AD445997 /* Pods_pizza2017.framework in Frameworks */,
			);
			runOnlyForDeploymentPostprocessing = 0;
		};
/* End PBXFrameworksBuildPhase section */

/* Begin PBXGroup section */
		81109DFD4AF07693B43250E1 /* Frameworks */ = {
			isa = PBXGroup;
			children = (
				EE8D66C04B938A5465B64A21 /* Pods_pizza2017.framework */,
			);
			name = Frameworks;
			sourceTree = "<group>";
		};
		ABB63007085D97BF5DAA337D /* Pods */ = {
			isa = PBXGroup;
			children = (
				BA3E4A9F46A0299C9956BC75 /* Pods-pizza2017.debug.xcconfig */,
				07B207E6F130EEFB57ECF029 /* Pods-pizza2017.release.xcconfig */,
			);
			name = Pods;
			sourceTree = "<group>";
		};
		CE7642A51E5D922900B0E47F = {
			isa = PBXGroup;
			children = (
				CE7642B01E5D922900B0E47F /* pizza2017 */,
				CE7642AF1E5D922900B0E47F /* Products */,
				ABB63007085D97BF5DAA337D /* Pods */,
				81109DFD4AF07693B43250E1 /* Frameworks */,
			);
			sourceTree = "<group>";
		};
		CE7642AF1E5D922900B0E47F /* Products */ = {
			isa = PBXGroup;
			children = (
				CE7642AE1E5D922900B0E47F /* pizza2017.app */,
			);
			name = Products;
			sourceTree = "<group>";
		};
		CE7642B01E5D922900B0E47F /* pizza2017 */ = {
			isa = PBXGroup;
			children = (
				CEA6BB501E5EC24B00057BA4 /* Login */,
				CEA6BB511E5EC27A00057BA4 /* MainMenu */,
				CEA6BB521E5EC2BF00057BA4 /* Settings */,
				CEA6BB531E5EC37B00057BA4 /* MenuGroups */,
				CEA6BB541E5EC39E00057BA4 /* News */,
				CE7642B51E5D922900B0E47F /* Main.storyboard */,
				CE7642B11E5D922900B0E47F /* AppDelegate.swift */,
				CE9119D41E5DB01A00674520 /* Dish.swift */,
				CE7642B81E5D922A00B0E47F /* Assets.xcassets */,
				CE7642BA1E5D922A00B0E47F /* LaunchScreen.storyboard */,
				CE7642BD1E5D922A00B0E47F /* Info.plist */,
				CEA6BB481E5DBDB900057BA4 /* GoogleService-Info.plist */,
			);
			path = pizza2017;
			sourceTree = "<group>";
		};
		CEA6BB501E5EC24B00057BA4 /* Login */ = {
			isa = PBXGroup;
			children = (
				CE9119CC1E5DAF8E00674520 /* LoginViewController.swift */,
			);
			name = Login;
			sourceTree = "<group>";
		};
		CEA6BB511E5EC27A00057BA4 /* MainMenu */ = {
			isa = PBXGroup;
			children = (
				CE9119DA1E5DB17A00674520 /* MainViewController.swift */,
			);
			name = MainMenu;
			sourceTree = "<group>";
		};
		CEA6BB521E5EC2BF00057BA4 /* Settings */ = {
			isa = PBXGroup;
			children = (
				CEA6BB4E1E5DCE6300057BA4 /* SettingsViewController.swift */,
				CEA6BB4A1E5DCDE900057BA4 /* SettingsModel.swift */,
				CE9119D81E5DB07500674520 /* SettingsFirebase.swift */,
			);
			name = Settings;
			sourceTree = "<group>";
		};
		CEA6BB531E5EC37B00057BA4 /* MenuGroups */ = {
			isa = PBXGroup;
			children = (
				CE9119D01E5DAFDB00674520 /* MenuViewController.swift */,
				CEB527D01E6062CA00A1586C /* MenuGroupsModel.swift */,
			);
			name = MenuGroups;
			sourceTree = "<group>";
		};
		CEA6BB541E5EC39E00057BA4 /* News */ = {
			isa = PBXGroup;
			children = (
				CE9119D21E5DAFF900674520 /* NewsViewController.swift */,
			);
			name = News;
			sourceTree = "<group>";
		};
/* End PBXGroup section */

/* Begin PBXNativeTarget section */
		CE7642AD1E5D922900B0E47F /* pizza2017 */ = {
			isa = PBXNativeTarget;
			buildConfigurationList = CE7642C01E5D922A00B0E47F /* Build configuration list for PBXNativeTarget "pizza2017" */;
			buildPhases = (
				696FA1783EB194F4DD14572F /* [CP] Check Pods Manifest.lock */,
				CE7642AA1E5D922900B0E47F /* Sources */,
				CE7642AB1E5D922900B0E47F /* Frameworks */,
				CE7642AC1E5D922900B0E47F /* Resources */,
				ADE592E696D65A570C74505B /* [CP] Embed Pods Frameworks */,
				F8154F7E8C76D7DAC0E5673F /* [CP] Copy Pods Resources */,
			);
			buildRules = (
			);
			dependencies = (
			);
			name = pizza2017;
			productName = pizza2017;
			productReference = CE7642AE1E5D922900B0E47F /* pizza2017.app */;
			productType = "com.apple.product-type.application";
		};
/* End PBXNativeTarget section */

/* Begin PBXProject section */
		CE7642A61E5D922900B0E47F /* Project object */ = {
			isa = PBXProject;
			attributes = {
				LastSwiftUpdateCheck = 0820;
				LastUpgradeCheck = 0820;
				ORGANIZATIONNAME = GeekHub;
				TargetAttributes = {
					CE7642AD1E5D922900B0E47F = {
						CreatedOnToolsVersion = 8.2.1;
						ProvisioningStyle = Automatic;
					};
				};
			};
			buildConfigurationList = CE7642A91E5D922900B0E47F /* Build configuration list for PBXProject "pizza2017" */;
			compatibilityVersion = "Xcode 3.2";
			developmentRegion = English;
			hasScannedForEncodings = 0;
			knownRegions = (
				en,
				Base,
			);
			mainGroup = CE7642A51E5D922900B0E47F;
			productRefGroup = CE7642AF1E5D922900B0E47F /* Products */;
			projectDirPath = "";
			projectRoot = "";
			targets = (
				CE7642AD1E5D922900B0E47F /* pizza2017 */,
			);
		};
/* End PBXProject section */

/* Begin PBXResourcesBuildPhase section */
		CE7642AC1E5D922900B0E47F /* Resources */ = {
			isa = PBXResourcesBuildPhase;
			buildActionMask = 2147483647;
			files = (
				CE7642BC1E5D922A00B0E47F /* LaunchScreen.storyboard in Resources */,
				CEA6BB491E5DBDB900057BA4 /* GoogleService-Info.plist in Resources */,
				CE7642B91E5D922A00B0E47F /* Assets.xcassets in Resources */,
				CE7642B71E5D922900B0E47F /* Main.storyboard in Resources */,
			);
			runOnlyForDeploymentPostprocessing = 0;
		};
/* End PBXResourcesBuildPhase section */

/* Begin PBXShellScriptBuildPhase section */
		696FA1783EB194F4DD14572F /* [CP] Check Pods Manifest.lock */ = {
			isa = PBXShellScriptBuildPhase;
			buildActionMask = 2147483647;
			files = (
			);
			inputPaths = (
			);
			name = "[CP] Check Pods Manifest.lock";
			outputPaths = (
			);
			runOnlyForDeploymentPostprocessing = 0;
			shellPath = /bin/sh;
			shellScript = "diff \"${PODS_ROOT}/../Podfile.lock\" \"${PODS_ROOT}/Manifest.lock\" > /dev/null\nif [ $? != 0 ] ; then\n    # print error to STDERR\n    echo \"error: The sandbox is not in sync with the Podfile.lock. Run 'pod install' or update your CocoaPods installation.\" >&2\n    exit 1\nfi\n";
			showEnvVarsInLog = 0;
		};
		ADE592E696D65A570C74505B /* [CP] Embed Pods Frameworks */ = {
			isa = PBXShellScriptBuildPhase;
			buildActionMask = 2147483647;
			files = (
			);
			inputPaths = (
			);
			name = "[CP] Embed Pods Frameworks";
			outputPaths = (
			);
			runOnlyForDeploymentPostprocessing = 0;
			shellPath = /bin/sh;
			shellScript = "\"${SRCROOT}/Pods/Target Support Files/Pods-pizza2017/Pods-pizza2017-frameworks.sh\"\n";
			showEnvVarsInLog = 0;
		};
		F8154F7E8C76D7DAC0E5673F /* [CP] Copy Pods Resources */ = {
			isa = PBXShellScriptBuildPhase;
			buildActionMask = 2147483647;
			files = (
			);
			inputPaths = (
			);
			name = "[CP] Copy Pods Resources";
			outputPaths = (
			);
			runOnlyForDeploymentPostprocessing = 0;
			shellPath = /bin/sh;
			shellScript = "\"${SRCROOT}/Pods/Target Support Files/Pods-pizza2017/Pods-pizza2017-resources.sh\"\n";
			showEnvVarsInLog = 0;
		};
/* End PBXShellScriptBuildPhase section */

/* Begin PBXSourcesBuildPhase section */
		CE7642AA1E5D922900B0E47F /* Sources */ = {
			isa = PBXSourcesBuildPhase;
			buildActionMask = 2147483647;
			files = (
				CE9119D91E5DB07500674520 /* SettingsFirebase.swift in Sources */,
				CEA6BB4F1E5DCE6300057BA4 /* SettingsViewController.swift in Sources */,
				CE9119CD1E5DAF8E00674520 /* LoginViewController.swift in Sources */,
				CE7642B21E5D922900B0E47F /* AppDelegate.swift in Sources */,
				CE9119D51E5DB01A00674520 /* Dish.swift in Sources */,
				CEA6BB4B1E5DCDE900057BA4 /* SettingsModel.swift in Sources */,
				CEB527D11E6062CA00A1586C /* MenuGroupsModel.swift in Sources */,
				CE9119DB1E5DB17A00674520 /* MainViewController.swift in Sources */,
				CE9119D31E5DAFF900674520 /* NewsViewController.swift in Sources */,
				CE9119D11E5DAFDB00674520 /* MenuViewController.swift in Sources */,
			);
			runOnlyForDeploymentPostprocessing = 0;
		};
/* End PBXSourcesBuildPhase section */

/* Begin PBXVariantGroup section */
		CE7642B51E5D922900B0E47F /* Main.storyboard */ = {
			isa = PBXVariantGroup;
			children = (
				CE7642B61E5D922900B0E47F /* Base */,
			);
			name = Main.storyboard;
			sourceTree = "<group>";
		};
		CE7642BA1E5D922A00B0E47F /* LaunchScreen.storyboard */ = {
			isa = PBXVariantGroup;
			children = (
				CE7642BB1E5D922A00B0E47F /* Base */,
			);
			name = LaunchScreen.storyboard;
			sourceTree = "<group>";
		};
/* End PBXVariantGroup section */

/* Begin XCBuildConfiguration section */
		CE7642BE1E5D922A00B0E47F /* Debug */ = {
			isa = XCBuildConfiguration;
			buildSettings = {
				ALWAYS_SEARCH_USER_PATHS = NO;
				CLANG_ANALYZER_NONNULL = YES;
				CLANG_CXX_LANGUAGE_STANDARD = "gnu++0x";
				CLANG_CXX_LIBRARY = "libc++";
				CLANG_ENABLE_MODULES = YES;
				CLANG_ENABLE_OBJC_ARC = YES;
				CLANG_WARN_BOOL_CONVERSION = YES;
				CLANG_WARN_CONSTANT_CONVERSION = YES;
				CLANG_WARN_DIRECT_OBJC_ISA_USAGE = YES_ERROR;
				CLANG_WARN_DOCUMENTATION_COMMENTS = YES;
				CLANG_WARN_EMPTY_BODY = YES;
				CLANG_WARN_ENUM_CONVERSION = YES;
				CLANG_WARN_INFINITE_RECURSION = YES;
				CLANG_WARN_INT_CONVERSION = YES;
				CLANG_WARN_OBJC_ROOT_CLASS = YES_ERROR;
				CLANG_WARN_SUSPICIOUS_MOVE = YES;
				CLANG_WARN_UNREACHABLE_CODE = YES;
				CLANG_WARN__DUPLICATE_METHOD_MATCH = YES;
				"CODE_SIGN_IDENTITY[sdk=iphoneos*]" = "iPhone Developer";
				COPY_PHASE_STRIP = NO;
				DEBUG_INFORMATION_FORMAT = dwarf;
				ENABLE_STRICT_OBJC_MSGSEND = YES;
				ENABLE_TESTABILITY = YES;
				GCC_C_LANGUAGE_STANDARD = gnu99;
				GCC_DYNAMIC_NO_PIC = NO;
				GCC_NO_COMMON_BLOCKS = YES;
				GCC_OPTIMIZATION_LEVEL = 0;
				GCC_PREPROCESSOR_DEFINITIONS = (
					"DEBUG=1",
					"$(inherited)",
				);
				GCC_WARN_64_TO_32_BIT_CONVERSION = YES;
				GCC_WARN_ABOUT_RETURN_TYPE = YES_ERROR;
				GCC_WARN_UNDECLARED_SELECTOR = YES;
				GCC_WARN_UNINITIALIZED_AUTOS = YES_AGGRESSIVE;
				GCC_WARN_UNUSED_FUNCTION = YES;
				GCC_WARN_UNUSED_VARIABLE = YES;
				IPHONEOS_DEPLOYMENT_TARGET = 10.2;
				MTL_ENABLE_DEBUG_INFO = YES;
				ONLY_ACTIVE_ARCH = YES;
				SDKROOT = iphoneos;
				SWIFT_ACTIVE_COMPILATION_CONDITIONS = DEBUG;
				SWIFT_OPTIMIZATION_LEVEL = "-Onone";
			};
			name = Debug;
		};
		CE7642BF1E5D922A00B0E47F /* Release */ = {
			isa = XCBuildConfiguration;
			buildSettings = {
				ALWAYS_SEARCH_USER_PATHS = NO;
				CLANG_ANALYZER_NONNULL = YES;
				CLANG_CXX_LANGUAGE_STANDARD = "gnu++0x";
				CLANG_CXX_LIBRARY = "libc++";
				CLANG_ENABLE_MODULES = YES;
				CLANG_ENABLE_OBJC_ARC = YES;
				CLANG_WARN_BOOL_CONVERSION = YES;
				CLANG_WARN_CONSTANT_CONVERSION = YES;
				CLANG_WARN_DIRECT_OBJC_ISA_USAGE = YES_ERROR;
				CLANG_WARN_DOCUMENTATION_COMMENTS = YES;
				CLANG_WARN_EMPTY_BODY = YES;
				CLANG_WARN_ENUM_CONVERSION = YES;
				CLANG_WARN_INFINITE_RECURSION = YES;
				CLANG_WARN_INT_CONVERSION = YES;
				CLANG_WARN_OBJC_ROOT_CLASS = YES_ERROR;
				CLANG_WARN_SUSPICIOUS_MOVE = YES;
				CLANG_WARN_UNREACHABLE_CODE = YES;
				CLANG_WARN__DUPLICATE_METHOD_MATCH = YES;
				"CODE_SIGN_IDENTITY[sdk=iphoneos*]" = "iPhone Developer";
				COPY_PHASE_STRIP = NO;
				DEBUG_INFORMATION_FORMAT = "dwarf-with-dsym";
				ENABLE_NS_ASSERTIONS = NO;
				ENABLE_STRICT_OBJC_MSGSEND = YES;
				GCC_C_LANGUAGE_STANDARD = gnu99;
				GCC_NO_COMMON_BLOCKS = YES;
				GCC_WARN_64_TO_32_BIT_CONVERSION = YES;
				GCC_WARN_ABOUT_RETURN_TYPE = YES_ERROR;
				GCC_WARN_UNDECLARED_SELECTOR = YES;
				GCC_WARN_UNINITIALIZED_AUTOS = YES_AGGRESSIVE;
				GCC_WARN_UNUSED_FUNCTION = YES;
				GCC_WARN_UNUSED_VARIABLE = YES;
				IPHONEOS_DEPLOYMENT_TARGET = 10.2;
				MTL_ENABLE_DEBUG_INFO = NO;
				SDKROOT = iphoneos;
				SWIFT_OPTIMIZATION_LEVEL = "-Owholemodule";
				VALIDATE_PRODUCT = YES;
			};
			name = Release;
		};
		CE7642C11E5D922A00B0E47F /* Debug */ = {
			isa = XCBuildConfiguration;
			baseConfigurationReference = BA3E4A9F46A0299C9956BC75 /* Pods-pizza2017.debug.xcconfig */;
			buildSettings = {
				ASSETCATALOG_COMPILER_APPICON_NAME = AppIcon;
				INFOPLIST_FILE = pizza2017/Info.plist;
				LD_RUNPATH_SEARCH_PATHS = "$(inherited) @executable_path/Frameworks";
				PRODUCT_BUNDLE_IDENTIFIER = com.GeekHub.pizza2017.ios;
				PRODUCT_NAME = "$(TARGET_NAME)";
				SWIFT_VERSION = 3.0;
			};
			name = Debug;
		};
		CE7642C21E5D922A00B0E47F /* Release */ = {
			isa = XCBuildConfiguration;
			baseConfigurationReference = 07B207E6F130EEFB57ECF029 /* Pods-pizza2017.release.xcconfig */;
			buildSettings = {
				ASSETCATALOG_COMPILER_APPICON_NAME = AppIcon;
				INFOPLIST_FILE = pizza2017/Info.plist;
				LD_RUNPATH_SEARCH_PATHS = "$(inherited) @executable_path/Frameworks";
				PRODUCT_BUNDLE_IDENTIFIER = com.GeekHub.pizza2017.ios;
				PRODUCT_NAME = "$(TARGET_NAME)";
				SWIFT_VERSION = 3.0;
			};
			name = Release;
		};
/* End XCBuildConfiguration section */

/* Begin XCConfigurationList section */
		CE7642A91E5D922900B0E47F /* Build configuration list for PBXProject "pizza2017" */ = {
			isa = XCConfigurationList;
			buildConfigurations = (
				CE7642BE1E5D922A00B0E47F /* Debug */,
				CE7642BF1E5D922A00B0E47F /* Release */,
			);
			defaultConfigurationIsVisible = 0;
			defaultConfigurationName = Release;
		};
		CE7642C01E5D922A00B0E47F /* Build configuration list for PBXNativeTarget "pizza2017" */ = {
			isa = XCConfigurationList;
			buildConfigurations = (
				CE7642C11E5D922A00B0E47F /* Debug */,
				CE7642C21E5D922A00B0E47F /* Release */,
			);
			defaultConfigurationIsVisible = 0;
			defaultConfigurationName = Release;
		};
/* End XCConfigurationList section */
	};
	rootObject = CE7642A61E5D922900B0E47F /* Project object */;
}
